
Microsoft Visual Studio Solution File, Format Version 12.00
# Visual Studio Version 16
VisualStudioVersion = 16.0.31702.278
MinimumVisualStudioVersion = 10.0.40219.1
Project("{FAE04EC0-301F-11D3-BF4B-00C04F79EFBC}") = "Lms.Api", "Lms.Api\Lms.Api.csproj", "{63C5BB29-C186-4C60-BBC8-D239D8A92467}"
EndProject
Project("{FAE04EC0-301F-11D3-BF4B-00C04F79EFBC}") = "Lms.Core", "Lms.Core\Lms.Core.csproj", "{7A98E7EC-1C53-4D19-8957-70A722F53EBC}"
EndProject
Project("{FAE04EC0-301F-11D3-BF4B-00C04F79EFBC}") = "Lms.Data", "Lms.Data\Lms.Data.csproj", "{CCBB14B2-E0B3-4638-B0F9-842C5A257982}"
EndProject
Global
	GlobalSection(SolutionConfigurationPlatforms) = preSolution
		Debug|Any CPU = Debug|Any CPU
		Release|Any CPU = Release|Any CPU
	EndGlobalSection
	GlobalSection(ProjectConfigurationPlatforms) = postSolution
		{63C5BB29-C186-4C60-BBC8-D239D8A92467}.Debug|Any CPU.ActiveCfg = Debug|Any CPU
		{63C5BB29-C186-4C60-BBC8-D239D8A92467}.Debug|Any CPU.Build.0 = Debug|Any CPU
		{63C5BB29-C186-4C60-BBC8-D239D8A92467}.Release|Any CPU.ActiveCfg = Release|Any CPU
		{63C5BB29-C186-4C60-BBC8-D239D8A92467}.Release|Any CPU.Build.0 = Release|Any CPU
		{7A98E7EC-1C53-4D19-8957-70A722F53EBC}.Debug|Any CPU.ActiveCfg = Debug|Any CPU
		{7A98E7EC-1C53-4D19-8957-70A722F53EBC}.Debug|Any CPU.Build.0 = Debug|Any CPU
		{7A98E7EC-1C53-4D19-8957-70A722F53EBC}.Release|Any CPU.ActiveCfg = Release|Any CPU
		{7A98E7EC-1C53-4D19-8957-70A722F53EBC}.Release|Any CPU.Build.0 = Release|Any CPU
		{CCBB14B2-E0B3-4638-B0F9-842C5A257982}.Debug|Any CPU.ActiveCfg = Debug|Any CPU
		{CCBB14B2-E0B3-4638-B0F9-842C5A257982}.Debug|Any CPU.Build.0 = Debug|Any CPU
		{CCBB14B2-E0B3-4638-B0F9-842C5A257982}.Release|Any CPU.ActiveCfg = Release|Any CPU
		{CCBB14B2-E0B3-4638-B0F9-842C5A257982}.Release|Any CPU.Build.0 = Release|Any CPU
	EndGlobalSection
	GlobalSection(SolutionProperties) = preSolution
		HideSolutionNode = FALSE
	EndGlobalSection
	GlobalSection(ExtensibilityGlobals) = postSolution
		SolutionGuid = {9C6708CE-26C6-4A31-BCF4-1558542982EB}
	EndGlobalSection
EndGlobal
